
Microsoft Visual Studio Solution File, Format Version 12.00
# Visual Studio Version 16
VisualStudioVersion = 16.0.29306.81
MinimumVisualStudioVersion = 10.0.40219.1
Project("{2150E333-8FDC-42A3-9474-1A3956D46DE8}") = "Domain", "Domain", "{6B74B843-5311-4A81-A39C-66C6E289B53F}"
EndProject
Project("{2150E333-8FDC-42A3-9474-1A3956D46DE8}") = "Microservices", "Microservices", "{34A51C7E-9F13-4CA7-9BDA-CB3C63AFE9E8}"
EndProject
Project("{2150E333-8FDC-42A3-9474-1A3956D46DE8}") = "Infrastructure.Bus", "Infrastructure.Bus", "{28640703-392C-45F4-B307-AF4CCBC78058}"
EndProject
Project("{2150E333-8FDC-42A3-9474-1A3956D46DE8}") = "Infrastructure.Ioc", "Infrastructure.Ioc", "{EE5025D1-0168-4F26-85AB-963155E5F845}"
EndProject
Project("{2150E333-8FDC-42A3-9474-1A3956D46DE8}") = "Presentation", "Presentation", "{3091A4E7-4DB4-4845-B639-87B3D9438B80}"
EndProject
Project("{2150E333-8FDC-42A3-9474-1A3956D46DE8}") = "Tests", "Tests", "{9DA819AF-C76B-492D-AF50-F046CEECB3DF}"
EndProject
Project("{FAE04EC0-301F-11D3-BF4B-00C04F79EFBC}") = "MicroRMQ.Domain.Core", "MicroRMQ.Domain.Core\MicroRMQ.Domain.Core.csproj", "{1553A15D-A906-4CAD-B0B3-B2F558CE090D}"
EndProject
Global
	GlobalSection(SolutionConfigurationPlatforms) = preSolution
		Debug|Any CPU = Debug|Any CPU
		Release|Any CPU = Release|Any CPU
	EndGlobalSection
	GlobalSection(ProjectConfigurationPlatforms) = postSolution
		{1553A15D-A906-4CAD-B0B3-B2F558CE090D}.Debug|Any CPU.ActiveCfg = Debug|Any CPU
		{1553A15D-A906-4CAD-B0B3-B2F558CE090D}.Debug|Any CPU.Build.0 = Debug|Any CPU
		{1553A15D-A906-4CAD-B0B3-B2F558CE090D}.Release|Any CPU.ActiveCfg = Release|Any CPU
		{1553A15D-A906-4CAD-B0B3-B2F558CE090D}.Release|Any CPU.Build.0 = Release|Any CPU
	EndGlobalSection
	GlobalSection(SolutionProperties) = preSolution
		HideSolutionNode = FALSE
	EndGlobalSection
	GlobalSection(NestedProjects) = preSolution
		{1553A15D-A906-4CAD-B0B3-B2F558CE090D} = {6B74B843-5311-4A81-A39C-66C6E289B53F}
	EndGlobalSection
	GlobalSection(ExtensibilityGlobals) = postSolution
		SolutionGuid = {747996B3-D35A-4ECA-8398-18A5FB471C14}
	EndGlobalSection
EndGlobal
